
Microsoft Visual Studio Solution File, Format Version 12.00
# Visual Studio Version 16
VisualStudioVersion = 16.0.30011.22
MinimumVisualStudioVersion = 10.0.40219.1
Project("{FAE04EC0-301F-11D3-BF4B-00C04F79EFBC}") = "RentalPlatform", "RentalPlatform\RentalPlatform.csproj", "{8B112823-8578-4DA8-B3EE-D9D1F55944A5}"
EndProject
Global
	GlobalSection(SolutionConfigurationPlatforms) = preSolution
		Debug|Any CPU = Debug|Any CPU
		Release|Any CPU = Release|Any CPU
	EndGlobalSection
	GlobalSection(ProjectConfigurationPlatforms) = postSolution
		{8B112823-8578-4DA8-B3EE-D9D1F55944A5}.Debug|Any CPU.ActiveCfg = Debug|Any CPU
		{8B112823-8578-4DA8-B3EE-D9D1F55944A5}.Debug|Any CPU.Build.0 = Debug|Any CPU
		{8B112823-8578-4DA8-B3EE-D9D1F55944A5}.Release|Any CPU.ActiveCfg = Release|Any CPU
		{8B112823-8578-4DA8-B3EE-D9D1F55944A5}.Release|Any CPU.Build.0 = Release|Any CPU
	EndGlobalSection
	GlobalSection(SolutionProperties) = preSolution
		HideSolutionNode = FALSE
	EndGlobalSection
	GlobalSection(ExtensibilityGlobals) = postSolution
		SolutionGuid = {E16DE155-2004-4D3C-A698-EF538EB1A653}
	EndGlobalSection
EndGlobal
