
Microsoft Visual Studio Solution File, Format Version 12.00
# Visual Studio Version 16
VisualStudioVersion = 16.0.30011.22
MinimumVisualStudioVersion = 10.0.40219.1
Project("{FAE04EC0-301F-11D3-BF4B-00C04F79EFBC}") = "RentalPlatform", "RentalPlatform\RentalPlatform.csproj", "{CA5CFE78-FF26-46B4-8957-AC5D000246F1}"
EndProject
Global
	GlobalSection(SolutionConfigurationPlatforms) = preSolution
		Debug|Any CPU = Debug|Any CPU
		Release|Any CPU = Release|Any CPU
	EndGlobalSection
	GlobalSection(ProjectConfigurationPlatforms) = postSolution
		{CA5CFE78-FF26-46B4-8957-AC5D000246F1}.Debug|Any CPU.ActiveCfg = Debug|Any CPU
		{CA5CFE78-FF26-46B4-8957-AC5D000246F1}.Debug|Any CPU.Build.0 = Debug|Any CPU
		{CA5CFE78-FF26-46B4-8957-AC5D000246F1}.Release|Any CPU.ActiveCfg = Release|Any CPU
		{CA5CFE78-FF26-46B4-8957-AC5D000246F1}.Release|Any CPU.Build.0 = Release|Any CPU
	EndGlobalSection
	GlobalSection(SolutionProperties) = preSolution
		HideSolutionNode = FALSE
	EndGlobalSection
	GlobalSection(ExtensibilityGlobals) = postSolution
		SolutionGuid = {63785119-9C39-4B8C-B88C-F341D31AD08F}
	EndGlobalSection
EndGlobal
